// !$*UTF8*$!
{
	archiveVersion = 1;
	classes = {
	};
	objectVersion = 77;
	objects = {

/* Begin PBXContainerItemProxy section */
		2F41A7A52E2CA9110015F8F2 /* PBXContainerItemProxy */ = {
			isa = PBXContainerItemProxy;
			containerPortal = 2F41A78B2E2CA90D0015F8F2 /* Project object */;
			proxyType = 1;
			remoteGlobalIDString = 2F41A7922E2CA90D0015F8F2;
			remoteInfo = Simba_AI_App;
		};
		2F41A7AF2E2CA9110015F8F2 /* PBXContainerItemProxy */ = {
			isa = PBXContainerItemProxy;
			containerPortal = 2F41A78B2E2CA90D0015F8F2 /* Project object */;
			proxyType = 1;
			remoteGlobalIDString = 2F41A7922E2CA90D0015F8F2;
			remoteInfo = Simba_AI_App;
		};
/* End PBXContainerItemProxy section */

/* Begin PBXFileReference section */
		2F41A7932E2CA90D0015F8F2 /* Simba_AI_App.app */ = {isa = PBXFileReference; explicitFileType = wrapper.application; includeInIndex = 0; path = Simba_AI_App.app; sourceTree = BUILT_PRODUCTS_DIR; };
		2F41A7A42E2CA9110015F8F2 /* Simba_AI_AppTests.xctest */ = {isa = PBXFileReference; explicitFileType = wrapper.cfbundle; includeInIndex = 0; path = Simba_AI_AppTests.xctest; sourceTree = BUILT_PRODUCTS_DIR; };
		2F41A7AE2E2CA9110015F8F2 /* Simba_AI_AppUITests.xctest */ = {isa = PBXFileReference; explicitFileType = wrapper.cfbundle; includeInIndex = 0; path = Simba_AI_AppUITests.xctest; sourceTree = BUILT_PRODUCTS_DIR; };
/* End PBXFileReference section */

/* Begin PBXFileSystemSynchronizedRootGroup section */
		2F41A7952E2CA90D0015F8F2 /* Simba_AI_App */ = {
			isa = PBXFileSystemSynchronizedRootGroup;
			path = Simba_AI_App;
			sourceTree = "<group>";
		};
		2F41A7A72E2CA9110015F8F2 /* Simba_AI_AppTests */ = {
			isa = PBXFileSystemSynchronizedRootGroup;
			path = Simba_AI_AppTests;
			sourceTree = "<group>";
		};
		2F41A7B12E2CA9110015F8F2 /* Simba_AI_AppUITests */ = {
			isa = PBXFileSystemSynchronizedRootGroup;
			path = Simba_AI_AppUITests;
			sourceTree = "<group>";
		};
/* End PBXFileSystemSynchronizedRootGroup section */

/* Begin PBXFrameworksBuildPhase section */
		2F41A7902E2CA90D0015F8F2 /* Frameworks */ = {
			isa = PBXFrameworksBuildPhase;
			buildActionMask = 2147483647;
			files = (
			);
			runOnlyForDeploymentPostprocessing = 0;
		};
		2F41A7A12E2CA9110015F8F2 /* Frameworks */ = {
			isa = PBXFrameworksBuildPhase;
			buildActionMask = 2147483647;
			files = (
			);
			runOnlyForDeploymentPostprocessing = 0;
		};
		2F41A7AB2E2CA9110015F8F2 /* Frameworks */ = {
			isa = PBXFrameworksBuildPhase;
			buildActionMask = 2147483647;
			files = (
			);
			runOnlyForDeploymentPostprocessing = 0;
		};
/* End PBXFrameworksBuildPhase section */

/* Begin PBXGroup section */
		2F41A78A2E2CA90D0015F8F2 = {
			isa = PBXGroup;
			children = (
				2F41A7952E2CA90D0015F8F2 /* Simba_AI_App */,
				2F41A7A72E2CA9110015F8F2 /* Simba_AI_AppTests */,
				2F41A7B12E2CA9110015F8F2 /* Simba_AI_AppUITests */,
				2F41A7942E2CA90D0015F8F2 /* Products */,
			);
			sourceTree = "<group>";
		};
		2F41A7942E2CA90D0015F8F2 /* Products */ = {
			isa = PBXGroup;
			children = (
				2F41A7932E2CA90D0015F8F2 /* Simba_AI_App.app */,
				2F41A7A42E2CA9110015F8F2 /* Simba_AI_AppTests.xctest */,
				2F41A7AE2E2CA9110015F8F2 /* Simba_AI_AppUITests.xctest */,
			);
			name = Products;
			sourceTree = "<group>";
		};
/* End PBXGroup section */

/* Begin PBXNativeTarget section */
		2F41A7922E2CA90D0015F8F2 /* Simba_AI_App */ = {
			isa = PBXNativeTarget;
			buildConfigurationList = 2F41A7B72E2CA9110015F8F2 /* Build configuration list for PBXNativeTarget "Simba_AI_App" */;
			buildPhases = (
				2F41A78F2E2CA90D0015F8F2 /* Sources */,
				2F41A7902E2CA90D0015F8F2 /* Frameworks */,
				2F41A7912E2CA90D0015F8F2 /* Resources */,
			);
			buildRules = (
			);
			dependencies = (
			);
			fileSystemSynchronizedGroups = (
				2F41A7952E2CA90D0015F8F2 /* Simba_AI_App */,
			);
			name = Simba_AI_App;
			packageProductDependencies = (
			);
			productName = Simba_AI_App;
			productReference = 2F41A7932E2CA90D0015F8F2 /* Simba_AI_App.app */;
			productType = "com.apple.product-type.application";
		};
		2F41A7A32E2CA9110015F8F2 /* Simba_AI_AppTests */ = {
			isa = PBXNativeTarget;
			buildConfigurationList = 2F41A7BC2E2CA9110015F8F2 /* Build configuration list for PBXNativeTarget "Simba_AI_AppTests" */;
			buildPhases = (
				2F41A7A02E2CA9110015F8F2 /* Sources */,
				2F41A7A12E2CA9110015F8F2 /* Frameworks */,
				2F41A7A22E2CA9110015F8F2 /* Resources */,
			);
			buildRules = (
			);
			dependencies = (
				2F41A7A62E2CA9110015F8F2 /* PBXTargetDependency */,
			);
			fileSystemSynchronizedGroups = (
				2F41A7A72E2CA9110015F8F2 /* Simba_AI_AppTests */,
			);
			name = Simba_AI_AppTests;
			packageProductDependencies = (
			);
			productName = Simba_AI_AppTests;
			productReference = 2F41A7A42E2CA9110015F8F2 /* Simba_AI_AppTests.xctest */;
			productType = "com.apple.product-type.bundle.unit-test";
		};
		2F41A7AD2E2CA9110015F8F2 /* Simba_AI_AppUITests */ = {
			isa = PBXNativeTarget;
			buildConfigurationList = 2F41A7BF2E2CA9110015F8F2 /* Build configuration list for PBXNativeTarget "Simba_AI_AppUITests" */;
			buildPhases = (
				2F41A7AA2E2CA9110015F8F2 /* Sources */,
				2F41A7AB2E2CA9110015F8F2 /* Frameworks */,
				2F41A7AC2E2CA9110015F8F2 /* Resources */,
			);
			buildRules = (
			);
			dependencies = (
				2F41A7B02E2CA9110015F8F2 /* PBXTargetDependency */,
			);
			fileSystemSynchronizedGroups = (
				2F41A7B12E2CA9110015F8F2 /* Simba_AI_AppUITests */,
			);
			name = Simba_AI_AppUITests;
			packageProductDependencies = (
			);
			productName = Simba_AI_AppUITests;
			productReference = 2F41A7AE2E2CA9110015F8F2 /* Simba_AI_AppUITests.xctest */;
			productType = "com.apple.product-type.bundle.ui-testing";
		};
/* End PBXNativeTarget section */

/* Begin PBXProject section */
		2F41A78B2E2CA90D0015F8F2 /* Project object */ = {
			isa = PBXProject;
			attributes = {
				BuildIndependentTargetsInParallel = 1;
				LastSwiftUpdateCheck = 1640;
				LastUpgradeCheck = 1640;
				TargetAttributes = {
					2F41A7922E2CA90D0015F8F2 = {
						CreatedOnToolsVersion = 16.4;
					};
					2F41A7A32E2CA9110015F8F2 = {
						CreatedOnToolsVersion = 16.4;
						TestTargetID = 2F41A7922E2CA90D0015F8F2;
					};
					2F41A7AD2E2CA9110015F8F2 = {
						CreatedOnToolsVersion = 16.4;
						TestTargetID = 2F41A7922E2CA90D0015F8F2;
					};
				};
			};
			buildConfigurationList = 2F41A78E2E2CA90D0015F8F2 /* Build configuration list for PBXProject "Simba_AI_App" */;
			developmentRegion = en;
			hasScannedForEncodings = 0;
			knownRegions = (
				en,
				Base,
			);
			mainGroup = 2F41A78A2E2CA90D0015F8F2;
			minimizedProjectReferenceProxies = 1;
			preferredProjectObjectVersion = 77;
			productRefGroup = 2F41A7942E2CA90D0015F8F2 /* Products */;
			projectDirPath = "";
			projectRoot = "";
			targets = (
				2F41A7922E2CA90D0015F8F2 /* Simba_AI_App */,
				2F41A7A32E2CA9110015F8F2 /* Simba_AI_AppTests */,
				2F41A7AD2E2CA9110015F8F2 /* Simba_AI_AppUITests */,
			);
		};
/* End PBXProject section */

/* Begin PBXResourcesBuildPhase section */
		2F41A7912E2CA90D0015F8F2 /* Resources */ = {
			isa = PBXResourcesBuildPhase;
			buildActionMask = 2147483647;
			files = (
			);
			runOnlyForDeploymentPostprocessing = 0;
		};
		2F41A7A22E2CA9110015F8F2 /* Resources */ = {
			isa = PBXResourcesBuildPhase;
			buildActionMask = 2147483647;
			files = (
			);
			runOnlyForDeploymentPostprocessing = 0;
		};
		2F41A7AC2E2CA9110015F8F2 /* Resources */ = {
			isa = PBXResourcesBuildPhase;
			buildActionMask = 2147483647;
			files = (
			);
			runOnlyForDeploymentPostprocessing = 0;
		};
/* End PBXResourcesBuildPhase section */

/* Begin PBXSourcesBuildPhase section */
		2F41A78F2E2CA90D0015F8F2 /* Sources */ = {
			isa = PBXSourcesBuildPhase;
			buildActionMask = 2147483647;
			files = (
			);
			runOnlyForDeploymentPostprocessing = 0;
		};
		2F41A7A02E2CA9110015F8F2 /* Sources */ = {
			isa = PBXSourcesBuildPhase;
			buildActionMask = 2147483647;
			files = (
			);
			runOnlyForDeploymentPostprocessing = 0;
		};
		2F41A7AA2E2CA9110015F8F2 /* Sources */ = {
			isa = PBXSourcesBuildPhase;
			buildActionMask = 2147483647;
			files = (
			);
			runOnlyForDeploymentPostprocessing = 0;
		};
/* End PBXSourcesBuildPhase section */

/* Begin PBXTargetDependency section */
		2F41A7A62E2CA9110015F8F2 /* PBXTargetDependency */ = {
			isa = PBXTargetDependency;
			target = 2F41A7922E2CA90D0015F8F2 /* Simba_AI_App */;
			targetProxy = 2F41A7A52E2CA9110015F8F2 /* PBXContainerItemProxy */;
		};
		2F41A7B02E2CA9110015F8F2 /* PBXTargetDependency */ = {
			isa = PBXTargetDependency;
			target = 2F41A7922E2CA90D0015F8F2 /* Simba_AI_App */;
			targetProxy = 2F41A7AF2E2CA9110015F8F2 /* PBXContainerItemProxy */;
		};
/* End PBXTargetDependency section */

/* Begin XCBuildConfiguration section */
		2F41A7B82E2CA9110015F8F2 /* Debug */ = {
			isa = XCBuildConfiguration;
			buildSettings = {
				ASSETCATALOG_COMPILER_APPICON_NAME = AppIcon;
				ASSETCATALOG_COMPILER_GLOBAL_ACCENT_COLOR_NAME = AccentColor;
				ASSETCATALOG_COMPILER_INCLUDE_ALL_APPICON_ASSETS = YES;
				CODE_SIGN_ENTITLEMENTS = Simba_AI_App/Simba_AI_App.entitlements;
				CODE_SIGN_STYLE = Automatic;
				CURRENT_PROJECT_VERSION = 1;
				DEVELOPMENT_TEAM = 6MASA9CRQS;
				ENABLE_HARDENED_RUNTIME = YES;
				ENABLE_PREVIEWS = YES;
				GENERATE_INFOPLIST_FILE = YES;
				INFOPLIST_FILE = Simba_AI_App/Info.plist;
				"INFOPLIST_KEY_UIApplicationSceneManifest_Generation[sdk=iphoneos*]" = YES;
				"INFOPLIST_KEY_UIApplicationSceneManifest_Generation[sdk=iphonesimulator*]" = YES;
				"INFOPLIST_KEY_UIApplicationSupportsIndirectInputEvents[sdk=iphoneos*]" = YES;
				"INFOPLIST_KEY_UIApplicationSupportsIndirectInputEvents[sdk=iphonesimulator*]" = YES;
				"INFOPLIST_KEY_UILaunchScreen_Generation[sdk=iphoneos*]" = YES;
				"INFOPLIST_KEY_UILaunchScreen_Generation[sdk=iphonesimulator*]" = YES;
				INFOPLIST_KEY_UIRequiresFullScreen = YES;
				"INFOPLIST_KEY_UIStatusBarStyle[sdk=iphoneos*]" = UIStatusBarStyleDefault;
				"INFOPLIST_KEY_UIStatusBarStyle[sdk=iphonesimulator*]" = UIStatusBarStyleDefault;
				INFOPLIST_KEY_UISupportedInterfaceOrientations = "UIInterfaceOrientationLandscapeLeft UIInterfaceOrientationLandscapeRight UIInterfaceOrientationPortrait UIInterfaceOrientationPortraitUpsideDown";
				IPHONEOS_DEPLOYMENT_TARGET = 18.5;
				LD_RUNPATH_SEARCH_PATHS = "@executable_path/Frameworks";
				"LD_RUNPATH_SEARCH_PATHS[sdk=macosx*]" = "@executable_path/../Frameworks";
				MACOSX_DEPLOYMENT_TARGET = 14.0;
				MARKETING_VERSION = 1.0;
				PRODUCT_BUNDLE_IDENTIFIER = "import-UIKit-import-WebKit--class-ViewController--UIViewController-------override-func-viewDidLoad-------------super.viewDidLoad-----------let-webView---WKWebView-frame--self.view.frame----------self.view.addSubview-webView----------if-let-url---URL-string---https---yourwebsite.com-----------------webView.load-URLRequest-url--url--------------------.Simba-AI-App";
				PRODUCT_NAME = "$(TARGET_NAME)";
				REGISTER_APP_GROUPS = YES;
				SDKROOT = auto;
				SUPPORTED_PLATFORMS = "iphoneos iphonesimulator macosx xros xrsimulator";
				SWIFT_EMIT_LOC_STRINGS = YES;
				SWIFT_VERSION = 5.0;
				TARGETED_DEVICE_FAMILY = "1,2,7";
				XROS_DEPLOYMENT_TARGET = 2.5;
			};
			name = Debug;
		};
		2F41A7B92E2CA9110015F8F2 /* Release */ = {
			isa = XCBuildConfiguration;
			buildSettings = {
				ASSETCATALOG_COMPILER_APPICON_NAME = AppIcon;
				ASSETCATALOG_COMPILER_GLOBAL_ACCENT_COLOR_NAME = AccentColor;
				ASSETCATALOG_COMPILER_INCLUDE_ALL_APPICON_ASSETS = YES;
				CODE_SIGN_ENTITLEMENTS = Simba_AI_App/Simba_AI_App.entitlements;
				CODE_SIGN_STYLE = Automatic;
				CURRENT_PROJECT_VERSION = 1;
				DEVELOPMENT_TEAM = 6MASA9CRQS;
				ENABLE_HARDENED_RUNTIME = YES;
				ENABLE_PREVIEWS = YES;
				GENERATE_INFOPLIST_FILE = YES;
				INFOPLIST_FILE = Simba_AI_App/Info.plist;
				"INFOPLIST_KEY_UIApplicationSceneManifest_Generation[sdk=iphoneos*]" = YES;
				"INFOPLIST_KEY_UIApplicationSceneManifest_Generation[sdk=iphonesimulator*]" = YES;
				"INFOPLIST_KEY_UIApplicationSupportsIndirectInputEvents[sdk=iphoneos*]" = YES;
				"INFOPLIST_KEY_UIApplicationSupportsIndirectInputEvents[sdk=iphonesimulator*]" = YES;
				"INFOPLIST_KEY_UILaunchScreen_Generation[sdk=iphoneos*]" = YES;
				"INFOPLIST_KEY_UILaunchScreen_Generation[sdk=iphonesimulator*]" = YES;
				INFOPLIST_KEY_UIRequiresFullScreen = YES;
				"INFOPLIST_KEY_UIStatusBarStyle[sdk=iphoneos*]" = UIStatusBarStyleDefault;
				"INFOPLIST_KEY_UIStatusBarStyle[sdk=iphonesimulator*]" = UIStatusBarStyleDefault;
				INFOPLIST_KEY_UISupportedInterfaceOrientations = "UIInterfaceOrientationLandscapeLeft UIInterfaceOrientationLandscapeRight UIInterfaceOrientationPortrait UIInterfaceOrientationPortraitUpsideDown";
				IPHONEOS_DEPLOYMENT_TARGET = 18.5;
				LD_RUNPATH_SEARCH_PATHS = "@executable_path/Frameworks";
				"LD_RUNPATH_SEARCH_PATHS[sdk=macosx*]" = "@executable_path/../Frameworks";
				MACOSX_DEPLOYMENT_TARGET = 14.0;
				MARKETING_VERSION = 1.0;
				PRODUCT_BUNDLE_IDENTIFIER = "import-UIKit-import-WebKit--class-ViewController--UIViewController-------override-func-viewDidLoad-------------super.viewDidLoad-----------let-webView---WKWebView-frame--self.view.frame----------self.view.addSubview-webView----------if-let-url---URL-string---https---yourwebsite.com-----------------webView.load-URLRequest-url--url--------------------.Simba-AI-App";
				PRODUCT_NAME = "$(TARGET_NAME)";
				REGISTER_APP_GROUPS = YES;
				SDKROOT = auto;
				SUPPORTED_PLATFORMS = "iphoneos iphonesimulator macosx xros xrsimulator";
				SWIFT_EMIT_LOC_STRINGS = YES;
				SWIFT_VERSION = 5.0;
				TARGETED_DEVICE_FAMILY = "1,2,7";
				XROS_DEPLOYMENT_TARGET = 2.5;
			};
			name = Release;
		};
		2F41A7BA2E2CA9110015F8F2 /* Debug */ = {
			isa = XCBuildConfiguration;
			buildSettings = {
				ALWAYS_SEARCH_USER_PATHS = NO;
				ASSETCATALOG_COMPILER_GENERATE_SWIFT_ASSET_SYMBOL_EXTENSIONS = YES;
				CLANG_ANALYZER_NONNULL = YES;
				CLANG_ANALYZER_NUMBER_OBJECT_CONVERSION = YES_AGGRESSIVE;
				CLANG_CXX_LANGUAGE_STANDARD = "gnu++20";
				CLANG_ENABLE_MODULES = YES;
				CLANG_ENABLE_OBJC_ARC = YES;
				CLANG_ENABLE_OBJC_WEAK = YES;
				CLANG_WARN_BLOCK_CAPTURE_AUTORELEASING = YES;
				CLANG_WARN_BOOL_CONVERSION = YES;
				CLANG_WARN_COMMA = YES;
				CLANG_WARN_CONSTANT_CONVERSION = YES;
				CLANG_WARN_DEPRECATED_OBJC_IMPLEMENTATIONS = YES;
				CLANG_WARN_DIRECT_OBJC_ISA_USAGE = YES_ERROR;
				CLANG_WARN_DOCUMENTATION_COMMENTS = YES;
				CLANG_WARN_EMPTY_BODY = YES;
				CLANG_WARN_ENUM_CONVERSION = YES;
				CLANG_WARN_INFINITE_RECURSION = YES;
				CLANG_WARN_INT_CONVERSION = YES;
				CLANG_WARN_NON_LITERAL_NULL_CONVERSION = YES;
				CLANG_WARN_OBJC_IMPLICIT_RETAIN_SELF = YES;
				CLANG_WARN_OBJC_LITERAL_CONVERSION = YES;
				CLANG_WARN_OBJC_ROOT_CLASS = YES_ERROR;
				CLANG_WARN_QUOTED_INCLUDE_IN_FRAMEWORK_HEADER = YES;
				CLANG_WARN_RANGE_LOOP_ANALYSIS = YES;
				CLANG_WARN_STRICT_PROTOTYPES = YES;
				CLANG_WARN_SUSPICIOUS_MOVE = YES;
				CLANG_WARN_UNGUARDED_AVAILABILITY = YES_AGGRESSIVE;
				CLANG_WARN_UNREACHABLE_CODE = YES;
				CLANG_WARN__DUPLICATE_METHOD_MATCH = YES;
				COPY_PHASE_STRIP = NO;
				DEBUG_INFORMATION_FORMAT = dwarf;
				DEVELOPMENT_TEAM = 6MASA9CRQS;
				ENABLE_STRICT_OBJC_MSGSEND = YES;
				ENABLE_TESTABILITY = YES;
				ENABLE_USER_SCRIPT_SANDBOXING = YES;
				GCC_C_LANGUAGE_STANDARD = gnu17;
				GCC_DYNAMIC_NO_PIC = NO;
				GCC_NO_COMMON_BLOCKS = YES;
				GCC_OPTIMIZATION_LEVEL = 0;
				GCC_PREPROCESSOR_DEFINITIONS = (
					"DEBUG=1",
					"$(inherited)",
				);
				GCC_WARN_64_TO_32_BIT_CONVERSION = YES;
				GCC_WARN_ABOUT_RETURN_TYPE = YES_ERROR;
				GCC_WARN_UNDECLARED_SELECTOR = YES;
				GCC_WARN_UNINITIALIZED_AUTOS = YES_AGGRESSIVE;
				GCC_WARN_UNUSED_FUNCTION = YES;
				GCC_WARN_UNUSED_VARIABLE = YES;
				LOCALIZATION_PREFERS_STRING_CATALOGS = YES;
				MTL_ENABLE_DEBUG_INFO = INCLUDE_SOURCE;
				MTL_FAST_MATH = YES;
				ONLY_ACTIVE_ARCH = YES;
				SWIFT_ACTIVE_COMPILATION_CONDITIONS = "DEBUG $(inherited)";
				SWIFT_OPTIMIZATION_LEVEL = "-Onone";
			};
			name = Debug;
		};
		2F41A7BB2E2CA9110015F8F2 /* Release */ = {
			isa = XCBuildConfiguration;
			buildSettings = {
				ALWAYS_SEARCH_USER_PATHS = NO;
				ASSETCATALOG_COMPILER_GENERATE_SWIFT_ASSET_SYMBOL_EXTENSIONS = YES;
				CLANG_ANALYZER_NONNULL = YES;
				CLANG_ANALYZER_NUMBER_OBJECT_CONVERSION = YES_AGGRESSIVE;
				CLANG_CXX_LANGUAGE_STANDARD = "gnu++20";
				CLANG_ENABLE_MODULES = YES;
				CLANG_ENABLE_OBJC_ARC = YES;
				CLANG_ENABLE_OBJC_WEAK = YES;
				CLANG_WARN_BLOCK_CAPTURE_AUTORELEASING = YES;
				CLANG_WARN_BOOL_CONVERSION = YES;
				CLANG_WARN_COMMA = YES;
				CLANG_WARN_CONSTANT_CONVERSION = YES;
				CLANG_WARN_DEPRECATED_OBJC_IMPLEMENTATIONS = YES;
				CLANG_WARN_DIRECT_OBJC_ISA_USAGE = YES_ERROR;
				CLANG_WARN_DOCUMENTATION_COMMENTS = YES;
				CLANG_WARN_EMPTY_BODY = YES;
				CLANG_WARN_ENUM_CONVERSION = YES;
				CLANG_WARN_INFINITE_RECURSION = YES;
				CLANG_WARN_INT_CONVERSION = YES;
				CLANG_WARN_NON_LITERAL_NULL_CONVERSION = YES;
				CLANG_WARN_OBJC_IMPLICIT_RETAIN_SELF = YES;
				CLANG_WARN_OBJC_LITERAL_CONVERSION = YES;
				CLANG_WARN_OBJC_ROOT_CLASS = YES_ERROR;
				CLANG_WARN_QUOTED_INCLUDE_IN_FRAMEWORK_HEADER = YES;
				CLANG_WARN_RANGE_LOOP_ANALYSIS = YES;
				CLANG_WARN_STRICT_PROTOTYPES = YES;
				CLANG_WARN_SUSPICIOUS_MOVE = YES;
				CLANG_WARN_UNGUARDED_AVAILABILITY = YES_AGGRESSIVE;
				CLANG_WARN_UNREACHABLE_CODE = YES;
				CLANG_WARN__DUPLICATE_METHOD_MATCH = YES;
				COPY_PHASE_STRIP = NO;
				DEBUG_INFORMATION_FORMAT = "dwarf-with-dsym";
				DEVELOPMENT_TEAM = 6MASA9CRQS;
				ENABLE_NS_ASSERTIONS = NO;
				ENABLE_STRICT_OBJC_MSGSEND = YES;
				ENABLE_USER_SCRIPT_SANDBOXING = YES;
				GCC_C_LANGUAGE_STANDARD = gnu17;
				GCC_NO_COMMON_BLOCKS = YES;
				GCC_WARN_64_TO_32_BIT_CONVERSION = YES;
				GCC_WARN_ABOUT_RETURN_TYPE = YES_ERROR;
				GCC_WARN_UNDECLARED_SELECTOR = YES;
				GCC_WARN_UNINITIALIZED_AUTOS = YES_AGGRESSIVE;
				GCC_WARN_UNUSED_FUNCTION = YES;
				GCC_WARN_UNUSED_VARIABLE = YES;
				LOCALIZATION_PREFERS_STRING_CATALOGS = YES;
				MTL_ENABLE_DEBUG_INFO = NO;
				MTL_FAST_MATH = YES;
				SWIFT_COMPILATION_MODE = wholemodule;
			};
			name = Release;
		};
		2F41A7BD2E2CA9110015F8F2 /* Debug */ = {
			isa = XCBuildConfiguration;
			buildSettings = {
				BUNDLE_LOADER = "$(TEST_HOST)";
				CODE_SIGN_STYLE = Automatic;
				CURRENT_PROJECT_VERSION = 1;
				DEVELOPMENT_TEAM = 6MASA9CRQS;
				GENERATE_INFOPLIST_FILE = YES;
				IPHONEOS_DEPLOYMENT_TARGET = 18.5;
				MACOSX_DEPLOYMENT_TARGET = 15.5;
				MARKETING_VERSION = 1.0;
				PRODUCT_BUNDLE_IDENTIFIER = "import-UIKit-import-WebKit--class-ViewController--UIViewController-------override-func-viewDidLoad-------------super.viewDidLoad-----------let-webView---WKWebView-frame--self.view.frame----------self.view.addSubview-webView----------if-let-url---URL-string---https---yourwebsite.com-----------------webView.load-URLRequest-url--url--------------------.Simba-AI-AppTests";
				PRODUCT_NAME = "$(TARGET_NAME)";
				SDKROOT = auto;
				SUPPORTED_PLATFORMS = "iphoneos iphonesimulator macosx xros xrsimulator";
				SWIFT_EMIT_LOC_STRINGS = NO;
				SWIFT_VERSION = 5.0;
				TARGETED_DEVICE_FAMILY = "1,2,7";
				TEST_HOST = "$(BUILT_PRODUCTS_DIR)/Simba_AI_App.app/$(BUNDLE_EXECUTABLE_FOLDER_PATH)/Simba_AI_App";
				XROS_DEPLOYMENT_TARGET = 2.5;
			};
			name = Debug;
		};
		2F41A7BE2E2CA9110015F8F2 /* Release */ = {
			isa = XCBuildConfiguration;
			buildSettings = {
				BUNDLE_LOADER = "$(TEST_HOST)";
				CODE_SIGN_STYLE = Automatic;
				CURRENT_PROJECT_VERSION = 1;
				DEVELOPMENT_TEAM = 6MASA9CRQS;
				GENERATE_INFOPLIST_FILE = YES;
				IPHONEOS_DEPLOYMENT_TARGET = 18.5;
				MACOSX_DEPLOYMENT_TARGET = 15.5;
				MARKETING_VERSION = 1.0;
				PRODUCT_BUNDLE_IDENTIFIER = "import-UIKit-import-WebKit--class-ViewController--UIViewController-------override-func-viewDidLoad-------------super.viewDidLoad-----------let-webView---WKWebView-frame--self.view.frame----------self.view.addSubview-webView----------if-let-url---URL-string---https---yourwebsite.com-----------------webView.load-URLRequest-url--url--------------------.Simba-AI-AppTests";
				PRODUCT_NAME = "$(TARGET_NAME)";
				SDKROOT = auto;
				SUPPORTED_PLATFORMS = "iphoneos iphonesimulator macosx xros xrsimulator";
				SWIFT_EMIT_LOC_STRINGS = NO;
				SWIFT_VERSION = 5.0;
				TARGETED_DEVICE_FAMILY = "1,2,7";
				TEST_HOST = "$(BUILT_PRODUCTS_DIR)/Simba_AI_App.app/$(BUNDLE_EXECUTABLE_FOLDER_PATH)/Simba_AI_App";
				XROS_DEPLOYMENT_TARGET = 2.5;
			};
			name = Release;
		};
		2F41A7C02E2CA9110015F8F2 /* Debug */ = {
			isa = XCBuildConfiguration;
			buildSettings = {
				CODE_SIGN_STYLE = Automatic;
				CURRENT_PROJECT_VERSION = 1;
				DEVELOPMENT_TEAM = 6MASA9CRQS;
				GENERATE_INFOPLIST_FILE = YES;
				IPHONEOS_DEPLOYMENT_TARGET = 18.5;
				MACOSX_DEPLOYMENT_TARGET = 15.5;
				MARKETING_VERSION = 1.0;
				PRODUCT_BUNDLE_IDENTIFIER = "import-UIKit-import-WebKit--class-ViewController--UIViewController-------override-func-viewDidLoad-------------super.viewDidLoad-----------let-webView---WKWebView-frame--self.view.frame----------self.view.addSubview-webView----------if-let-url---URL-string---https---yourwebsite.com-----------------webView.load-URLRequest-url--url--------------------.Simba-AI-AppUITests";
				PRODUCT_NAME = "$(TARGET_NAME)";
				SDKROOT = auto;
				SUPPORTED_PLATFORMS = "iphoneos iphonesimulator macosx xros xrsimulator";
				SWIFT_EMIT_LOC_STRINGS = NO;
				SWIFT_VERSION = 5.0;
				TARGETED_DEVICE_FAMILY = "1,2,7";
				TEST_TARGET_NAME = Simba_AI_App;
				XROS_DEPLOYMENT_TARGET = 2.5;
			};
			name = Debug;
		};
		2F41A7C12E2CA9110015F8F2 /* Release */ = {
			isa = XCBuildConfiguration;
			buildSettings = {
				CODE_SIGN_STYLE = Automatic;
				CURRENT_PROJECT_VERSION = 1;
				DEVELOPMENT_TEAM = 6MASA9CRQS;
				GENERATE_INFOPLIST_FILE = YES;
				IPHONEOS_DEPLOYMENT_TARGET = 18.5;
				MACOSX_DEPLOYMENT_TARGET = 15.5;
				MARKETING_VERSION = 1.0;
				PRODUCT_BUNDLE_IDENTIFIER = "import-UIKit-import-WebKit--class-ViewController--UIViewController-------override-func-viewDidLoad-------------super.viewDidLoad-----------let-webView---WKWebView-frame--self.view.frame----------self.view.addSubview-webView----------if-let-url---URL-string---https---yourwebsite.com-----------------webView.load-URLRequest-url--url--------------------.Simba-AI-AppUITests";
				PRODUCT_NAME = "$(TARGET_NAME)";
				SDKROOT = auto;
				SUPPORTED_PLATFORMS = "iphoneos iphonesimulator macosx xros xrsimulator";
				SWIFT_EMIT_LOC_STRINGS = NO;
				SWIFT_VERSION = 5.0;
				TARGETED_DEVICE_FAMILY = "1,2,7";
				TEST_TARGET_NAME = Simba_AI_App;
				XROS_DEPLOYMENT_TARGET = 2.5;
			};
			name = Release;
		};
/* End XCBuildConfiguration section */

/* Begin XCConfigurationList section */
		2F41A78E2E2CA90D0015F8F2 /* Build configuration list for PBXProject "Simba_AI_App" */ = {
			isa = XCConfigurationList;
			buildConfigurations = (
				2F41A7BA2E2CA9110015F8F2 /* Debug */,
				2F41A7BB2E2CA9110015F8F2 /* Release */,
			);
			defaultConfigurationIsVisible = 0;
			defaultConfigurationName = Release;
		};
		2F41A7B72E2CA9110015F8F2 /* Build configuration list for PBXNativeTarget "Simba_AI_App" */ = {
			isa = XCConfigurationList;
			buildConfigurations = (
				2F41A7B82E2CA9110015F8F2 /* Debug */,
				2F41A7B92E2CA9110015F8F2 /* Release */,
			);
			defaultConfigurationIsVisible = 0;
			defaultConfigurationName = Release;
		};
		2F41A7BC2E2CA9110015F8F2 /* Build configuration list for PBXNativeTarget "Simba_AI_AppTests" */ = {
			isa = XCConfigurationList;
			buildConfigurations = (
				2F41A7BD2E2CA9110015F8F2 /* Debug */,
				2F41A7BE2E2CA9110015F8F2 /* Release */,
			);
			defaultConfigurationIsVisible = 0;
			defaultConfigurationName = Release;
		};
		2F41A7BF2E2CA9110015F8F2 /* Build configuration list for PBXNativeTarget "Simba_AI_AppUITests" */ = {
			isa = XCConfigurationList;
			buildConfigurations = (
				2F41A7C02E2CA9110015F8F2 /* Debug */,
				2F41A7C12E2CA9110015F8F2 /* Release */,
			);
			defaultConfigurationIsVisible = 0;
			defaultConfigurationName = Release;
		};
/* End XCConfigurationList section */
	};
	rootObject = 2F41A78B2E2CA90D0015F8F2 /* Project object */;
}
